
Microsoft Visual Studio Solution File, Format Version 12.00
# Visual Studio Version 17
VisualStudioVersion = 17.10.34916.146
MinimumVisualStudioVersion = 10.0.40219.1
Project("{FAE04EC0-301F-11D3-BF4B-00C04F79EFBC}") = "Sortify", "Sortify\Sortify.csproj", "{F1474719-1C6A-4C00-B990-A6C3952F8E11}"
EndProject
Global
	GlobalSection(SolutionConfigurationPlatforms) = preSolution
		Debug|Any CPU = Debug|Any CPU
		Release|Any CPU = Release|Any CPU
	EndGlobalSection
	GlobalSection(ProjectConfigurationPlatforms) = postSolution
		{F1474719-1C6A-4C00-B990-A6C3952F8E11}.Debug|Any CPU.ActiveCfg = Debug|Any CPU
		{F1474719-1C6A-4C00-B990-A6C3952F8E11}.Debug|Any CPU.Build.0 = Debug|Any CPU
		{F1474719-1C6A-4C00-B990-A6C3952F8E11}.Release|Any CPU.ActiveCfg = Release|Any CPU
		{F1474719-1C6A-4C00-B990-A6C3952F8E11}.Release|Any CPU.Build.0 = Release|Any CPU
	EndGlobalSection
	GlobalSection(SolutionProperties) = preSolution
		HideSolutionNode = FALSE
	EndGlobalSection
	GlobalSection(ExtensibilityGlobals) = postSolution
		SolutionGuid = {86DCB574-E251-4A0B-A445-B4755271DA03}
	EndGlobalSection
EndGlobal
